
Microsoft Visual Studio Solution File, Format Version 12.00
# Visual Studio Version 16
VisualStudioVersion = 16.0.30711.63
MinimumVisualStudioVersion = 10.0.40219.1
Project("{FAE04EC0-301F-11D3-BF4B-00C04F79EFBC}") = "HL7FHIRClient", "HL7FHIRConsoleApp\HL7FHIRClient.csproj", "{C3E737F7-C3B2-42AB-BC5E-BE962CFAA66C}"
EndProject
Global
	GlobalSection(SolutionConfigurationPlatforms) = preSolution
		Debug|Any CPU = Debug|Any CPU
		Release|Any CPU = Release|Any CPU
	EndGlobalSection
	GlobalSection(ProjectConfigurationPlatforms) = postSolution
		{013F1AFA-E1B6-43E0-B496-D60BCF0069C0}.Debug|Any CPU.ActiveCfg = Debug|Any CPU
		{013F1AFA-E1B6-43E0-B496-D60BCF0069C0}.Debug|Any CPU.Build.0 = Debug|Any CPU
		{013F1AFA-E1B6-43E0-B496-D60BCF0069C0}.Release|Any CPU.ActiveCfg = Release|Any CPU
		{013F1AFA-E1B6-43E0-B496-D60BCF0069C0}.Release|Any CPU.Build.0 = Release|Any CPU
		{C3E737F7-C3B2-42AB-BC5E-BE962CFAA66C}.Debug|Any CPU.ActiveCfg = Debug|Any CPU
		{C3E737F7-C3B2-42AB-BC5E-BE962CFAA66C}.Debug|Any CPU.Build.0 = Debug|Any CPU
		{C3E737F7-C3B2-42AB-BC5E-BE962CFAA66C}.Release|Any CPU.ActiveCfg = Release|Any CPU
		{C3E737F7-C3B2-42AB-BC5E-BE962CFAA66C}.Release|Any CPU.Build.0 = Release|Any CPU
	EndGlobalSection
	GlobalSection(SolutionProperties) = preSolution
		HideSolutionNode = FALSE
	EndGlobalSection
	GlobalSection(ExtensibilityGlobals) = postSolution
		SolutionGuid = {C8D0CF0F-A539-44CC-AFC7-CCE20132A64F}
	EndGlobalSection
EndGlobal
